
Microsoft Visual Studio Solution File, Format Version 12.00
# Visual Studio 15
VisualStudioVersion = 15.0.26430.14
MinimumVisualStudioVersion = 10.0.40219.1
Project("{FAE04EC0-301F-11D3-BF4B-00C04F79EFBC}") = "StaffStore.Domain", "StaffStore.Domain\StaffStore.Domain.csproj", "{0DA65C09-F314-4D4C-B5F8-974B3EA385D9}"
EndProject
Project("{FAE04EC0-301F-11D3-BF4B-00C04F79EFBC}") = "StaffStore.WebUI", "StaffStore.WebUI\StaffStore.WebUI.csproj", "{6F44F387-0F6E-462E-B650-F5359D84BF38}"
EndProject
Project("{FAE04EC0-301F-11D3-BF4B-00C04F79EFBC}") = "StaffStore.UnitTests", "StaffStore.UnitTests\StaffStore.UnitTests.csproj", "{23F1824A-D65B-4C12-A0C1-EF84145669DE}"
EndProject
Global
	GlobalSection(SolutionConfigurationPlatforms) = preSolution
		Debug|Any CPU = Debug|Any CPU
		Release|Any CPU = Release|Any CPU
	EndGlobalSection
	GlobalSection(ProjectConfigurationPlatforms) = postSolution
		{0DA65C09-F314-4D4C-B5F8-974B3EA385D9}.Debug|Any CPU.ActiveCfg = Debug|Any CPU
		{0DA65C09-F314-4D4C-B5F8-974B3EA385D9}.Debug|Any CPU.Build.0 = Debug|Any CPU
		{0DA65C09-F314-4D4C-B5F8-974B3EA385D9}.Release|Any CPU.ActiveCfg = Release|Any CPU
		{0DA65C09-F314-4D4C-B5F8-974B3EA385D9}.Release|Any CPU.Build.0 = Release|Any CPU
		{6F44F387-0F6E-462E-B650-F5359D84BF38}.Debug|Any CPU.ActiveCfg = Debug|Any CPU
		{6F44F387-0F6E-462E-B650-F5359D84BF38}.Debug|Any CPU.Build.0 = Debug|Any CPU
		{6F44F387-0F6E-462E-B650-F5359D84BF38}.Release|Any CPU.ActiveCfg = Release|Any CPU
		{6F44F387-0F6E-462E-B650-F5359D84BF38}.Release|Any CPU.Build.0 = Release|Any CPU
		{23F1824A-D65B-4C12-A0C1-EF84145669DE}.Debug|Any CPU.ActiveCfg = Debug|Any CPU
		{23F1824A-D65B-4C12-A0C1-EF84145669DE}.Debug|Any CPU.Build.0 = Debug|Any CPU
		{23F1824A-D65B-4C12-A0C1-EF84145669DE}.Release|Any CPU.ActiveCfg = Release|Any CPU
		{23F1824A-D65B-4C12-A0C1-EF84145669DE}.Release|Any CPU.Build.0 = Release|Any CPU
	EndGlobalSection
	GlobalSection(SolutionProperties) = preSolution
		HideSolutionNode = FALSE
	EndGlobalSection
EndGlobal
